// !$*UTF8*$!
{
	archiveVersion = 1;
	classes = {
	};
	objectVersion = 55;
	objects = {

/* Begin PBXBuildFile section */
		3CA5FA4B60F3C0A05CABEF09 /* Pods_TeaTimerRemake.framework in Frameworks */ = {isa = PBXBuildFile; fileRef = B7D0493FCB7A8B4593138A49 /* Pods_TeaTimerRemake.framework */; };
		A204DF2A2861091C00394647 /* TeaMainInfoHeaderView.swift in Sources */ = {isa = PBXBuildFile; fileRef = A204DF292861091C00394647 /* TeaMainInfoHeaderView.swift */; };
		A204DF2D28610B7200394647 /* TeaMainInfoHeaderView.xib in Resources */ = {isa = PBXBuildFile; fileRef = A204DF2C28610B7200394647 /* TeaMainInfoHeaderView.xib */; };
		A204DF2F2861178B00394647 /* CollectionViewSectionHeader.swift in Sources */ = {isa = PBXBuildFile; fileRef = A204DF2E2861178B00394647 /* CollectionViewSectionHeader.swift */; };
		A2077CF5286CEE5000788FA9 /* TeaProperty.swift in Sources */ = {isa = PBXBuildFile; fileRef = A2077CF4286CEE5000788FA9 /* TeaProperty.swift */; };
		A2077CF7286CEF0300788FA9 /* TeaHealthProperties.swift in Sources */ = {isa = PBXBuildFile; fileRef = A2077CF6286CEF0300788FA9 /* TeaHealthProperties.swift */; };
		A2077CF9286CF1F200788FA9 /* DescriptableTeaProperty.swift in Sources */ = {isa = PBXBuildFile; fileRef = A2077CF8286CF1F200788FA9 /* DescriptableTeaProperty.swift */; };
		A2077CFB286CF82D00788FA9 /* TeaSuperPowerProperties.swift in Sources */ = {isa = PBXBuildFile; fileRef = A2077CFA286CF82D00788FA9 /* TeaSuperPowerProperties.swift */; };
		A2077CFD286CFB2500788FA9 /* TeaMainProperties.swift in Sources */ = {isa = PBXBuildFile; fileRef = A2077CFC286CFB2500788FA9 /* TeaMainProperties.swift */; };
		A2077D01286D058100788FA9 /* TeaPropertyContent.swift in Sources */ = {isa = PBXBuildFile; fileRef = A2077D00286D058100788FA9 /* TeaPropertyContent.swift */; };
		A2077D05286DC3FE00788FA9 /* SwiftBoost in Frameworks */ = {isa = PBXBuildFile; productRef = A2077D04286DC3FE00788FA9 /* SwiftBoost */; };
		A2077D08286DC42000788FA9 /* SafeSFSymbols in Frameworks */ = {isa = PBXBuildFile; productRef = A2077D07286DC42000788FA9 /* SafeSFSymbols */; };
		A2077D0A286DE72100788FA9 /* TeaPropertiesGroup.swift in Sources */ = {isa = PBXBuildFile; fileRef = A2077D09286DE72100788FA9 /* TeaPropertiesGroup.swift */; };
		A2368DDE2872E36C007BA25F /* UIViewsExtensions.swift in Sources */ = {isa = PBXBuildFile; fileRef = A2368DDD2872E36B007BA25F /* UIViewsExtensions.swift */; };
		A2368DE2287476AB007BA25F /* TeaInteractionStackView.swift in Sources */ = {isa = PBXBuildFile; fileRef = A2368DE1287476AB007BA25F /* TeaInteractionStackView.swift */; };
		A23E42402862762F00B60E6F /* TeaPropertyGroup.swift in Sources */ = {isa = PBXBuildFile; fileRef = A23E423F2862762F00B60E6F /* TeaPropertyGroup.swift */; };
		A26A1DC02878E0B200D166F9 /* ALPopup in Frameworks */ = {isa = PBXBuildFile; productRef = A26A1DBF2878E0B200D166F9 /* ALPopup */; };
		A26A1DC32878E10000D166F9 /* TTAlertManager.swift in Sources */ = {isa = PBXBuildFile; fileRef = A26A1DC22878E10000D166F9 /* TTAlertManager.swift */; };
		A275317C2879C2E400CA2E26 /* Hero in Frameworks */ = {isa = PBXBuildFile; productRef = A275317B2879C2E400CA2E26 /* Hero */; };
		A2A9BD39285802E800216794 /* TeaTimerColors.swift in Sources */ = {isa = PBXBuildFile; fileRef = A2A9BD38285802E800216794 /* TeaTimerColors.swift */; };
		A2A9BD3B2858075000216794 /* TeaPropertiesCell.swift in Sources */ = {isa = PBXBuildFile; fileRef = A2A9BD3A2858075000216794 /* TeaPropertiesCell.swift */; };
		A2A9BD3D2858166500216794 /* TTButton.swift in Sources */ = {isa = PBXBuildFile; fileRef = A2A9BD3C2858166500216794 /* TTButton.swift */; };
		A2A9BD3F2858181600216794 /* AboutTeaViewController.swift in Sources */ = {isa = PBXBuildFile; fileRef = A2A9BD3E2858181600216794 /* AboutTeaViewController.swift */; };
		A2D6DCD62852946400DD5761 /* AppDelegate.swift in Sources */ = {isa = PBXBuildFile; fileRef = A2D6DCD52852946400DD5761 /* AppDelegate.swift */; };
		A2D6DCD82852946400DD5761 /* SceneDelegate.swift in Sources */ = {isa = PBXBuildFile; fileRef = A2D6DCD72852946400DD5761 /* SceneDelegate.swift */; };
		A2D6DCDA2852946400DD5761 /* TeaSelectionViewController.swift in Sources */ = {isa = PBXBuildFile; fileRef = A2D6DCD92852946400DD5761 /* TeaSelectionViewController.swift */; };
		A2D6DCDD2852946400DD5761 /* Main.storyboard in Resources */ = {isa = PBXBuildFile; fileRef = A2D6DCDB2852946400DD5761 /* Main.storyboard */; };
		A2D6DCE02852946400DD5761 /* TeaTimerRemake.xcdatamodeld in Sources */ = {isa = PBXBuildFile; fileRef = A2D6DCDE2852946400DD5761 /* TeaTimerRemake.xcdatamodeld */; };
		A2D6DCE22852946600DD5761 /* Assets.xcassets in Resources */ = {isa = PBXBuildFile; fileRef = A2D6DCE12852946600DD5761 /* Assets.xcassets */; };
		A2D6DCE52852946600DD5761 /* LaunchScreen.storyboard in Resources */ = {isa = PBXBuildFile; fileRef = A2D6DCE32852946600DD5761 /* LaunchScreen.storyboard */; };
/* End PBXBuildFile section */

/* Begin PBXFileReference section */
		02284463585F57B50C8FEAA5 /* Pods-TeaTimerRemake.release.xcconfig */ = {isa = PBXFileReference; includeInIndex = 1; lastKnownFileType = text.xcconfig; name = "Pods-TeaTimerRemake.release.xcconfig"; path = "Target Support Files/Pods-TeaTimerRemake/Pods-TeaTimerRemake.release.xcconfig"; sourceTree = "<group>"; };
		6C5BC6FCE1CFD8FB8CBA8652 /* Pods-TeaTimerRemake.debug.xcconfig */ = {isa = PBXFileReference; includeInIndex = 1; lastKnownFileType = text.xcconfig; name = "Pods-TeaTimerRemake.debug.xcconfig"; path = "Target Support Files/Pods-TeaTimerRemake/Pods-TeaTimerRemake.debug.xcconfig"; sourceTree = "<group>"; };
		A204DF292861091C00394647 /* TeaMainInfoHeaderView.swift */ = {isa = PBXFileReference; lastKnownFileType = sourcecode.swift; path = TeaMainInfoHeaderView.swift; sourceTree = "<group>"; };
		A204DF2C28610B7200394647 /* TeaMainInfoHeaderView.xib */ = {isa = PBXFileReference; lastKnownFileType = file.xib; path = TeaMainInfoHeaderView.xib; sourceTree = "<group>"; };
		A204DF2E2861178B00394647 /* CollectionViewSectionHeader.swift */ = {isa = PBXFileReference; lastKnownFileType = sourcecode.swift; path = CollectionViewSectionHeader.swift; sourceTree = "<group>"; };
		A2077CF4286CEE5000788FA9 /* TeaProperty.swift */ = {isa = PBXFileReference; lastKnownFileType = sourcecode.swift; path = TeaProperty.swift; sourceTree = "<group>"; };
		A2077CF6286CEF0300788FA9 /* TeaHealthProperties.swift */ = {isa = PBXFileReference; lastKnownFileType = sourcecode.swift; path = TeaHealthProperties.swift; sourceTree = "<group>"; };
		A2077CF8286CF1F200788FA9 /* DescriptableTeaProperty.swift */ = {isa = PBXFileReference; lastKnownFileType = sourcecode.swift; path = DescriptableTeaProperty.swift; sourceTree = "<group>"; };
		A2077CFA286CF82D00788FA9 /* TeaSuperPowerProperties.swift */ = {isa = PBXFileReference; lastKnownFileType = sourcecode.swift; path = TeaSuperPowerProperties.swift; sourceTree = "<group>"; };
		A2077CFC286CFB2500788FA9 /* TeaMainProperties.swift */ = {isa = PBXFileReference; lastKnownFileType = sourcecode.swift; path = TeaMainProperties.swift; sourceTree = "<group>"; };
		A2077D00286D058100788FA9 /* TeaPropertyContent.swift */ = {isa = PBXFileReference; lastKnownFileType = sourcecode.swift; path = TeaPropertyContent.swift; sourceTree = "<group>"; };
		A2077D09286DE72100788FA9 /* TeaPropertiesGroup.swift */ = {isa = PBXFileReference; lastKnownFileType = sourcecode.swift; path = TeaPropertiesGroup.swift; sourceTree = "<group>"; };
		A2368DDD2872E36B007BA25F /* UIViewsExtensions.swift */ = {isa = PBXFileReference; lastKnownFileType = sourcecode.swift; path = UIViewsExtensions.swift; sourceTree = "<group>"; };
		A2368DE1287476AB007BA25F /* TeaInteractionStackView.swift */ = {isa = PBXFileReference; lastKnownFileType = sourcecode.swift; path = TeaInteractionStackView.swift; sourceTree = "<group>"; };
		A23E423F2862762F00B60E6F /* TeaPropertyGroup.swift */ = {isa = PBXFileReference; lastKnownFileType = sourcecode.swift; path = TeaPropertyGroup.swift; sourceTree = "<group>"; };
		A26A1DC22878E10000D166F9 /* TTAlertManager.swift */ = {isa = PBXFileReference; lastKnownFileType = sourcecode.swift; path = TTAlertManager.swift; sourceTree = "<group>"; };
		A2A9BD38285802E800216794 /* TeaTimerColors.swift */ = {isa = PBXFileReference; lastKnownFileType = sourcecode.swift; path = TeaTimerColors.swift; sourceTree = "<group>"; };
		A2A9BD3A2858075000216794 /* TeaPropertiesCell.swift */ = {isa = PBXFileReference; lastKnownFileType = sourcecode.swift; path = TeaPropertiesCell.swift; sourceTree = "<group>"; };
		A2A9BD3C2858166500216794 /* TTButton.swift */ = {isa = PBXFileReference; lastKnownFileType = sourcecode.swift; path = TTButton.swift; sourceTree = "<group>"; };
		A2A9BD3E2858181600216794 /* AboutTeaViewController.swift */ = {isa = PBXFileReference; lastKnownFileType = sourcecode.swift; path = AboutTeaViewController.swift; sourceTree = "<group>"; };
		A2D6DCD22852946400DD5761 /* TeaTimerRemake.app */ = {isa = PBXFileReference; explicitFileType = wrapper.application; includeInIndex = 0; path = TeaTimerRemake.app; sourceTree = BUILT_PRODUCTS_DIR; };
		A2D6DCD52852946400DD5761 /* AppDelegate.swift */ = {isa = PBXFileReference; lastKnownFileType = sourcecode.swift; path = AppDelegate.swift; sourceTree = "<group>"; };
		A2D6DCD72852946400DD5761 /* SceneDelegate.swift */ = {isa = PBXFileReference; lastKnownFileType = sourcecode.swift; path = SceneDelegate.swift; sourceTree = "<group>"; };
		A2D6DCD92852946400DD5761 /* TeaSelectionViewController.swift */ = {isa = PBXFileReference; lastKnownFileType = sourcecode.swift; path = TeaSelectionViewController.swift; sourceTree = "<group>"; };
		A2D6DCDC2852946400DD5761 /* Base */ = {isa = PBXFileReference; lastKnownFileType = file.storyboard; name = Base; path = Base.lproj/Main.storyboard; sourceTree = "<group>"; };
		A2D6DCDF2852946400DD5761 /* TeaTimerRemake.xcdatamodel */ = {isa = PBXFileReference; lastKnownFileType = wrapper.xcdatamodel; path = TeaTimerRemake.xcdatamodel; sourceTree = "<group>"; };
		A2D6DCE12852946600DD5761 /* Assets.xcassets */ = {isa = PBXFileReference; lastKnownFileType = folder.assetcatalog; path = Assets.xcassets; sourceTree = "<group>"; };
		A2D6DCE42852946600DD5761 /* Base */ = {isa = PBXFileReference; lastKnownFileType = file.storyboard; name = Base; path = Base.lproj/LaunchScreen.storyboard; sourceTree = "<group>"; };
		A2D6DCE62852946600DD5761 /* Info.plist */ = {isa = PBXFileReference; lastKnownFileType = text.plist.xml; path = Info.plist; sourceTree = "<group>"; };
		B7D0493FCB7A8B4593138A49 /* Pods_TeaTimerRemake.framework */ = {isa = PBXFileReference; explicitFileType = wrapper.framework; includeInIndex = 0; path = Pods_TeaTimerRemake.framework; sourceTree = BUILT_PRODUCTS_DIR; };
/* End PBXFileReference section */

/* Begin PBXFrameworksBuildPhase section */
		A2D6DCCF2852946400DD5761 /* Frameworks */ = {
			isa = PBXFrameworksBuildPhase;
			buildActionMask = 2147483647;
			files = (
				A26A1DC02878E0B200D166F9 /* ALPopup in Frameworks */,
				A2077D08286DC42000788FA9 /* SafeSFSymbols in Frameworks */,
				A2077D05286DC3FE00788FA9 /* SwiftBoost in Frameworks */,
				A275317C2879C2E400CA2E26 /* Hero in Frameworks */,
				3CA5FA4B60F3C0A05CABEF09 /* Pods_TeaTimerRemake.framework in Frameworks */,
			);
			runOnlyForDeploymentPostprocessing = 0;
		};
/* End PBXFrameworksBuildPhase section */

/* Begin PBXGroup section */
		A204DF262861074F00394647 /* AboutTeaScene */ = {
			isa = PBXGroup;
			children = (
				A2077D02286D05BB00788FA9 /* ViewControllers */,
				A2077CFF286D055900788FA9 /* Protocols */,
				A2077CFE286D04FF00788FA9 /* Models */,
				A204DF27286107EE00394647 /* CollectionView */,
			);
			path = AboutTeaScene;
			sourceTree = "<group>";
		};
		A204DF27286107EE00394647 /* CollectionView */ = {
			isa = PBXGroup;
			children = (
				A204DF2B28610AEA00394647 /* Cells */,
				A204DF28286107FC00394647 /* Header */,
			);
			path = CollectionView;
			sourceTree = "<group>";
		};
		A204DF28286107FC00394647 /* Header */ = {
			isa = PBXGroup;
			children = (
				A204DF292861091C00394647 /* TeaMainInfoHeaderView.swift */,
				A204DF2C28610B7200394647 /* TeaMainInfoHeaderView.xib */,
				A204DF2E2861178B00394647 /* CollectionViewSectionHeader.swift */,
			);
			path = Header;
			sourceTree = "<group>";
		};
		A204DF2B28610AEA00394647 /* Cells */ = {
			isa = PBXGroup;
			children = (
				A2A9BD3A2858075000216794 /* TeaPropertiesCell.swift */,
			);
			path = Cells;
			sourceTree = "<group>";
		};
		A2077CFE286D04FF00788FA9 /* Models */ = {
			isa = PBXGroup;
			children = (
				A23E423F2862762F00B60E6F /* TeaPropertyGroup.swift */,
				A2077D0B286DFDD000788FA9 /* TeaPropertiesCategories */,
				A2077CF4286CEE5000788FA9 /* TeaProperty.swift */,
				A2077D00286D058100788FA9 /* TeaPropertyContent.swift */,
				A2077D09286DE72100788FA9 /* TeaPropertiesGroup.swift */,
			);
			path = Models;
			sourceTree = "<group>";
		};
		A2077CFF286D055900788FA9 /* Protocols */ = {
			isa = PBXGroup;
			children = (
				A2077CF8286CF1F200788FA9 /* DescriptableTeaProperty.swift */,
			);
			path = Protocols;
			sourceTree = "<group>";
		};
		A2077D02286D05BB00788FA9 /* ViewControllers */ = {
			isa = PBXGroup;
			children = (
				A2A9BD3E2858181600216794 /* AboutTeaViewController.swift */,
			);
			path = ViewControllers;
			sourceTree = "<group>";
		};
		A2077D0B286DFDD000788FA9 /* TeaPropertiesCategories */ = {
			isa = PBXGroup;
			children = (
				A2077CFA286CF82D00788FA9 /* TeaSuperPowerProperties.swift */,
				A2077CF6286CEF0300788FA9 /* TeaHealthProperties.swift */,
				A2077CFC286CFB2500788FA9 /* TeaMainProperties.swift */,
			);
			path = TeaPropertiesCategories;
			sourceTree = "<group>";
		};
		A2368DDC2872E332007BA25F /* Extensions */ = {
			isa = PBXGroup;
			children = (
				A2368DDD2872E36B007BA25F /* UIViewsExtensions.swift */,
			);
			path = Extensions;
			sourceTree = "<group>";
		};
		A2368DDF287475A0007BA25F /* TeaSelectionScene */ = {
			isa = PBXGroup;
			children = (
				A26A1DC42878F17600D166F9 /* ViewControllers */,
				A2368DE028747637007BA25F /* Views */,
			);
			path = TeaSelectionScene;
			sourceTree = "<group>";
		};
		A2368DE028747637007BA25F /* Views */ = {
			isa = PBXGroup;
			children = (
				A2368DE1287476AB007BA25F /* TeaInteractionStackView.swift */,
			);
			path = Views;
			sourceTree = "<group>";
		};
		A26A1DC12878E0D600D166F9 /* Helpers */ = {
			isa = PBXGroup;
			children = (
				A2368DDC2872E332007BA25F /* Extensions */,
				A26A1DC22878E10000D166F9 /* TTAlertManager.swift */,
			);
			path = Helpers;
			sourceTree = "<group>";
		};
		A26A1DC42878F17600D166F9 /* ViewControllers */ = {
			isa = PBXGroup;
			children = (
				A2D6DCD92852946400DD5761 /* TeaSelectionViewController.swift */,
			);
			path = ViewControllers;
			sourceTree = "<group>";
		};
		A2A9BD372858029A00216794 /* TeaTimerUIKit */ = {
			isa = PBXGroup;
			children = (
				A2A9BD38285802E800216794 /* TeaTimerColors.swift */,
				A2A9BD3C2858166500216794 /* TTButton.swift */,
			);
			path = TeaTimerUIKit;
			sourceTree = "<group>";
		};
		A2D6DCC92852946400DD5761 = {
			isa = PBXGroup;
			children = (
				A2D6DCD42852946400DD5761 /* TeaTimerRemake */,
				A2D6DCD32852946400DD5761 /* Products */,
				C84B02506F146AB7CD05D67E /* Pods */,
				C4910C7905F6169CC01B449D /* Frameworks */,
			);
			sourceTree = "<group>";
		};
		A2D6DCD32852946400DD5761 /* Products */ = {
			isa = PBXGroup;
			children = (
				A2D6DCD22852946400DD5761 /* TeaTimerRemake.app */,
			);
			name = Products;
			sourceTree = "<group>";
		};
		A2D6DCD42852946400DD5761 /* TeaTimerRemake */ = {
			isa = PBXGroup;
			children = (
				A26A1DC12878E0D600D166F9 /* Helpers */,
				A2368DDF287475A0007BA25F /* TeaSelectionScene */,
				A204DF262861074F00394647 /* AboutTeaScene */,
				A2A9BD372858029A00216794 /* TeaTimerUIKit */,
				A2D6DCD52852946400DD5761 /* AppDelegate.swift */,
				A2D6DCD72852946400DD5761 /* SceneDelegate.swift */,
				A2D6DCDB2852946400DD5761 /* Main.storyboard */,
				A2D6DCE12852946600DD5761 /* Assets.xcassets */,
				A2D6DCE32852946600DD5761 /* LaunchScreen.storyboard */,
				A2D6DCE62852946600DD5761 /* Info.plist */,
				A2D6DCDE2852946400DD5761 /* TeaTimerRemake.xcdatamodeld */,
			);
			path = TeaTimerRemake;
			sourceTree = "<group>";
		};
		C4910C7905F6169CC01B449D /* Frameworks */ = {
			isa = PBXGroup;
			children = (
				B7D0493FCB7A8B4593138A49 /* Pods_TeaTimerRemake.framework */,
			);
			name = Frameworks;
			sourceTree = "<group>";
		};
		C84B02506F146AB7CD05D67E /* Pods */ = {
			isa = PBXGroup;
			children = (
				6C5BC6FCE1CFD8FB8CBA8652 /* Pods-TeaTimerRemake.debug.xcconfig */,
				02284463585F57B50C8FEAA5 /* Pods-TeaTimerRemake.release.xcconfig */,
			);
			path = Pods;
			sourceTree = "<group>";
		};
/* End PBXGroup section */

/* Begin PBXNativeTarget section */
		A2D6DCD12852946400DD5761 /* TeaTimerRemake */ = {
			isa = PBXNativeTarget;
			buildConfigurationList = A2D6DCE92852946600DD5761 /* Build configuration list for PBXNativeTarget "TeaTimerRemake" */;
			buildPhases = (
				87117533B9CDAB074F367C04 /* [CP] Check Pods Manifest.lock */,
				A2D6DCCE2852946400DD5761 /* Sources */,
				A2D6DCCF2852946400DD5761 /* Frameworks */,
				A2D6DCD02852946400DD5761 /* Resources */,
				CF28350D0EF0C67C2F648793 /* [CP] Embed Pods Frameworks */,
			);
			buildRules = (
			);
			dependencies = (
			);
			name = TeaTimerRemake;
			packageProductDependencies = (
				A2077D04286DC3FE00788FA9 /* SwiftBoost */,
				A2077D07286DC42000788FA9 /* SafeSFSymbols */,
				A26A1DBF2878E0B200D166F9 /* ALPopup */,
				A275317B2879C2E400CA2E26 /* Hero */,
			);
			productName = TeaTimerRemake;
			productReference = A2D6DCD22852946400DD5761 /* TeaTimerRemake.app */;
			productType = "com.apple.product-type.application";
		};
/* End PBXNativeTarget section */

/* Begin PBXProject section */
		A2D6DCCA2852946400DD5761 /* Project object */ = {
			isa = PBXProject;
			attributes = {
				BuildIndependentTargetsInParallel = 1;
				LastSwiftUpdateCheck = 1330;
				LastUpgradeCheck = 1330;
				TargetAttributes = {
					A2D6DCD12852946400DD5761 = {
						CreatedOnToolsVersion = 13.3.1;
					};
				};
			};
			buildConfigurationList = A2D6DCCD2852946400DD5761 /* Build configuration list for PBXProject "TeaTimerRemake" */;
			compatibilityVersion = "Xcode 13.0";
			developmentRegion = en;
			hasScannedForEncodings = 0;
			knownRegions = (
				en,
				Base,
			);
			mainGroup = A2D6DCC92852946400DD5761;
			packageReferences = (
				A2077D03286DC3FE00788FA9 /* XCRemoteSwiftPackageReference "SwiftBoost" */,
				A2077D06286DC42000788FA9 /* XCRemoteSwiftPackageReference "SafeSFSymbols" */,
				A26A1DBE2878E0B100D166F9 /* XCRemoteSwiftPackageReference "ALPopup" */,
				A275317A2879C2E400CA2E26 /* XCRemoteSwiftPackageReference "Hero" */,
			);
			productRefGroup = A2D6DCD32852946400DD5761 /* Products */;
			projectDirPath = "";
			projectRoot = "";
			targets = (
				A2D6DCD12852946400DD5761 /* TeaTimerRemake */,
			);
		};
/* End PBXProject section */

/* Begin PBXResourcesBuildPhase section */
		A2D6DCD02852946400DD5761 /* Resources */ = {
			isa = PBXResourcesBuildPhase;
			buildActionMask = 2147483647;
			files = (
				A2D6DCE52852946600DD5761 /* LaunchScreen.storyboard in Resources */,
				A204DF2D28610B7200394647 /* TeaMainInfoHeaderView.xib in Resources */,
				A2D6DCE22852946600DD5761 /* Assets.xcassets in Resources */,
				A2D6DCDD2852946400DD5761 /* Main.storyboard in Resources */,
			);
			runOnlyForDeploymentPostprocessing = 0;
		};
/* End PBXResourcesBuildPhase section */

/* Begin PBXShellScriptBuildPhase section */
		87117533B9CDAB074F367C04 /* [CP] Check Pods Manifest.lock */ = {
			isa = PBXShellScriptBuildPhase;
			buildActionMask = 2147483647;
			files = (
			);
			inputFileListPaths = (
			);
			inputPaths = (
				"${PODS_PODFILE_DIR_PATH}/Podfile.lock",
				"${PODS_ROOT}/Manifest.lock",
			);
			name = "[CP] Check Pods Manifest.lock";
			outputFileListPaths = (
			);
			outputPaths = (
				"$(DERIVED_FILE_DIR)/Pods-TeaTimerRemake-checkManifestLockResult.txt",
			);
			runOnlyForDeploymentPostprocessing = 0;
			shellPath = /bin/sh;
			shellScript = "diff \"${PODS_PODFILE_DIR_PATH}/Podfile.lock\" \"${PODS_ROOT}/Manifest.lock\" > /dev/null\nif [ $? != 0 ] ; then\n    # print error to STDERR\n    echo \"error: The sandbox is not in sync with the Podfile.lock. Run 'pod install' or update your CocoaPods installation.\" >&2\n    exit 1\nfi\n# This output is used by Xcode 'outputs' to avoid re-running this script phase.\necho \"SUCCESS\" > \"${SCRIPT_OUTPUT_FILE_0}\"\n";
			showEnvVarsInLog = 0;
		};
		CF28350D0EF0C67C2F648793 /* [CP] Embed Pods Frameworks */ = {
			isa = PBXShellScriptBuildPhase;
			buildActionMask = 2147483647;
			files = (
			);
			inputFileListPaths = (
				"${PODS_ROOT}/Target Support Files/Pods-TeaTimerRemake/Pods-TeaTimerRemake-frameworks-${CONFIGURATION}-input-files.xcfilelist",
			);
			name = "[CP] Embed Pods Frameworks";
			outputFileListPaths = (
				"${PODS_ROOT}/Target Support Files/Pods-TeaTimerRemake/Pods-TeaTimerRemake-frameworks-${CONFIGURATION}-output-files.xcfilelist",
			);
			runOnlyForDeploymentPostprocessing = 0;
			shellPath = /bin/sh;
			shellScript = "\"${PODS_ROOT}/Target Support Files/Pods-TeaTimerRemake/Pods-TeaTimerRemake-frameworks.sh\"\n";
			showEnvVarsInLog = 0;
		};
/* End PBXShellScriptBuildPhase section */

/* Begin PBXSourcesBuildPhase section */
		A2D6DCCE2852946400DD5761 /* Sources */ = {
			isa = PBXSourcesBuildPhase;
			buildActionMask = 2147483647;
			files = (
				A2D6DCDA2852946400DD5761 /* TeaSelectionViewController.swift in Sources */,
				A2D6DCD62852946400DD5761 /* AppDelegate.swift in Sources */,
				A26A1DC32878E10000D166F9 /* TTAlertManager.swift in Sources */,
				A23E42402862762F00B60E6F /* TeaPropertyGroup.swift in Sources */,
				A2D6DCD82852946400DD5761 /* SceneDelegate.swift in Sources */,
				A2077CF7286CEF0300788FA9 /* TeaHealthProperties.swift in Sources */,
				A2368DE2287476AB007BA25F /* TeaInteractionStackView.swift in Sources */,
				A2A9BD3F2858181600216794 /* AboutTeaViewController.swift in Sources */,
				A2A9BD39285802E800216794 /* TeaTimerColors.swift in Sources */,
				A204DF2F2861178B00394647 /* CollectionViewSectionHeader.swift in Sources */,
				A2077CF5286CEE5000788FA9 /* TeaProperty.swift in Sources */,
				A2077D01286D058100788FA9 /* TeaPropertyContent.swift in Sources */,
				A204DF2A2861091C00394647 /* TeaMainInfoHeaderView.swift in Sources */,
				A2A9BD3D2858166500216794 /* TTButton.swift in Sources */,
				A2077CF9286CF1F200788FA9 /* DescriptableTeaProperty.swift in Sources */,
				A2077CFB286CF82D00788FA9 /* TeaSuperPowerProperties.swift in Sources */,
				A2D6DCE02852946400DD5761 /* TeaTimerRemake.xcdatamodeld in Sources */,
				A2368DDE2872E36C007BA25F /* UIViewsExtensions.swift in Sources */,
				A2077D0A286DE72100788FA9 /* TeaPropertiesGroup.swift in Sources */,
				A2077CFD286CFB2500788FA9 /* TeaMainProperties.swift in Sources */,
				A2A9BD3B2858075000216794 /* TeaPropertiesCell.swift in Sources */,
			);
			runOnlyForDeploymentPostprocessing = 0;
		};
/* End PBXSourcesBuildPhase section */

/* Begin PBXVariantGroup section */
		A2D6DCDB2852946400DD5761 /* Main.storyboard */ = {
			isa = PBXVariantGroup;
			children = (
				A2D6DCDC2852946400DD5761 /* Base */,
			);
			name = Main.storyboard;
			sourceTree = "<group>";
		};
		A2D6DCE32852946600DD5761 /* LaunchScreen.storyboard */ = {
			isa = PBXVariantGroup;
			children = (
				A2D6DCE42852946600DD5761 /* Base */,
			);
			name = LaunchScreen.storyboard;
			sourceTree = "<group>";
		};
/* End PBXVariantGroup section */

/* Begin XCBuildConfiguration section */
		A2D6DCE72852946600DD5761 /* Debug */ = {
			isa = XCBuildConfiguration;
			buildSettings = {
				ALWAYS_SEARCH_USER_PATHS = NO;
				CLANG_ANALYZER_NONNULL = YES;
				CLANG_ANALYZER_NUMBER_OBJECT_CONVERSION = YES_AGGRESSIVE;
				CLANG_CXX_LANGUAGE_STANDARD = "gnu++17";
				CLANG_ENABLE_MODULES = YES;
				CLANG_ENABLE_OBJC_ARC = YES;
				CLANG_ENABLE_OBJC_WEAK = YES;
				CLANG_WARN_BLOCK_CAPTURE_AUTORELEASING = YES;
				CLANG_WARN_BOOL_CONVERSION = YES;
				CLANG_WARN_COMMA = YES;
				CLANG_WARN_CONSTANT_CONVERSION = YES;
				CLANG_WARN_DEPRECATED_OBJC_IMPLEMENTATIONS = YES;
				CLANG_WARN_DIRECT_OBJC_ISA_USAGE = YES_ERROR;
				CLANG_WARN_DOCUMENTATION_COMMENTS = YES;
				CLANG_WARN_EMPTY_BODY = YES;
				CLANG_WARN_ENUM_CONVERSION = YES;
				CLANG_WARN_INFINITE_RECURSION = YES;
				CLANG_WARN_INT_CONVERSION = YES;
				CLANG_WARN_NON_LITERAL_NULL_CONVERSION = YES;
				CLANG_WARN_OBJC_IMPLICIT_RETAIN_SELF = YES;
				CLANG_WARN_OBJC_LITERAL_CONVERSION = YES;
				CLANG_WARN_OBJC_ROOT_CLASS = YES_ERROR;
				CLANG_WARN_QUOTED_INCLUDE_IN_FRAMEWORK_HEADER = YES;
				CLANG_WARN_RANGE_LOOP_ANALYSIS = YES;
				CLANG_WARN_STRICT_PROTOTYPES = YES;
				CLANG_WARN_SUSPICIOUS_MOVE = YES;
				CLANG_WARN_UNGUARDED_AVAILABILITY = YES_AGGRESSIVE;
				CLANG_WARN_UNREACHABLE_CODE = YES;
				CLANG_WARN__DUPLICATE_METHOD_MATCH = YES;
				COPY_PHASE_STRIP = NO;
				DEBUG_INFORMATION_FORMAT = dwarf;
				ENABLE_STRICT_OBJC_MSGSEND = YES;
				ENABLE_TESTABILITY = YES;
				GCC_C_LANGUAGE_STANDARD = gnu11;
				GCC_DYNAMIC_NO_PIC = NO;
				GCC_NO_COMMON_BLOCKS = YES;
				GCC_OPTIMIZATION_LEVEL = 0;
				GCC_PREPROCESSOR_DEFINITIONS = (
					"DEBUG=1",
					"$(inherited)",
				);
				GCC_WARN_64_TO_32_BIT_CONVERSION = YES;
				GCC_WARN_ABOUT_RETURN_TYPE = YES_ERROR;
				GCC_WARN_UNDECLARED_SELECTOR = YES;
				GCC_WARN_UNINITIALIZED_AUTOS = YES_AGGRESSIVE;
				GCC_WARN_UNUSED_FUNCTION = YES;
				GCC_WARN_UNUSED_VARIABLE = YES;
				IPHONEOS_DEPLOYMENT_TARGET = 13.0;
				MTL_ENABLE_DEBUG_INFO = INCLUDE_SOURCE;
				MTL_FAST_MATH = YES;
				ONLY_ACTIVE_ARCH = YES;
				SDKROOT = iphoneos;
				SWIFT_ACTIVE_COMPILATION_CONDITIONS = DEBUG;
				SWIFT_OPTIMIZATION_LEVEL = "-Onone";
			};
			name = Debug;
		};
		A2D6DCE82852946600DD5761 /* Release */ = {
			isa = XCBuildConfiguration;
			buildSettings = {
				ALWAYS_SEARCH_USER_PATHS = NO;
				CLANG_ANALYZER_NONNULL = YES;
				CLANG_ANALYZER_NUMBER_OBJECT_CONVERSION = YES_AGGRESSIVE;
				CLANG_CXX_LANGUAGE_STANDARD = "gnu++17";
				CLANG_ENABLE_MODULES = YES;
				CLANG_ENABLE_OBJC_ARC = YES;
				CLANG_ENABLE_OBJC_WEAK = YES;
				CLANG_WARN_BLOCK_CAPTURE_AUTORELEASING = YES;
				CLANG_WARN_BOOL_CONVERSION = YES;
				CLANG_WARN_COMMA = YES;
				CLANG_WARN_CONSTANT_CONVERSION = YES;
				CLANG_WARN_DEPRECATED_OBJC_IMPLEMENTATIONS = YES;
				CLANG_WARN_DIRECT_OBJC_ISA_USAGE = YES_ERROR;
				CLANG_WARN_DOCUMENTATION_COMMENTS = YES;
				CLANG_WARN_EMPTY_BODY = YES;
				CLANG_WARN_ENUM_CONVERSION = YES;
				CLANG_WARN_INFINITE_RECURSION = YES;
				CLANG_WARN_INT_CONVERSION = YES;
				CLANG_WARN_NON_LITERAL_NULL_CONVERSION = YES;
				CLANG_WARN_OBJC_IMPLICIT_RETAIN_SELF = YES;
				CLANG_WARN_OBJC_LITERAL_CONVERSION = YES;
				CLANG_WARN_OBJC_ROOT_CLASS = YES_ERROR;
				CLANG_WARN_QUOTED_INCLUDE_IN_FRAMEWORK_HEADER = YES;
				CLANG_WARN_RANGE_LOOP_ANALYSIS = YES;
				CLANG_WARN_STRICT_PROTOTYPES = YES;
				CLANG_WARN_SUSPICIOUS_MOVE = YES;
				CLANG_WARN_UNGUARDED_AVAILABILITY = YES_AGGRESSIVE;
				CLANG_WARN_UNREACHABLE_CODE = YES;
				CLANG_WARN__DUPLICATE_METHOD_MATCH = YES;
				COPY_PHASE_STRIP = NO;
				DEBUG_INFORMATION_FORMAT = "dwarf-with-dsym";
				ENABLE_NS_ASSERTIONS = NO;
				ENABLE_STRICT_OBJC_MSGSEND = YES;
				GCC_C_LANGUAGE_STANDARD = gnu11;
				GCC_NO_COMMON_BLOCKS = YES;
				GCC_WARN_64_TO_32_BIT_CONVERSION = YES;
				GCC_WARN_ABOUT_RETURN_TYPE = YES_ERROR;
				GCC_WARN_UNDECLARED_SELECTOR = YES;
				GCC_WARN_UNINITIALIZED_AUTOS = YES_AGGRESSIVE;
				GCC_WARN_UNUSED_FUNCTION = YES;
				GCC_WARN_UNUSED_VARIABLE = YES;
				IPHONEOS_DEPLOYMENT_TARGET = 13.0;
				MTL_ENABLE_DEBUG_INFO = NO;
				MTL_FAST_MATH = YES;
				SDKROOT = iphoneos;
				SWIFT_COMPILATION_MODE = wholemodule;
				SWIFT_OPTIMIZATION_LEVEL = "-O";
				VALIDATE_PRODUCT = YES;
			};
			name = Release;
		};
		A2D6DCEA2852946600DD5761 /* Debug */ = {
			isa = XCBuildConfiguration;
			baseConfigurationReference = 6C5BC6FCE1CFD8FB8CBA8652 /* Pods-TeaTimerRemake.debug.xcconfig */;
			buildSettings = {
				ASSETCATALOG_COMPILER_APPICON_NAME = AppIcon;
				ASSETCATALOG_COMPILER_GLOBAL_ACCENT_COLOR_NAME = AccentColor;
				CODE_SIGN_STYLE = Automatic;
				CURRENT_PROJECT_VERSION = 1;
				DEVELOPMENT_TEAM = 4CV999C7WN;
				GENERATE_INFOPLIST_FILE = YES;
				INFOPLIST_FILE = TeaTimerRemake/Info.plist;
				INFOPLIST_KEY_CFBundleDisplayName = TeaTimer;
				INFOPLIST_KEY_UIApplicationSupportsIndirectInputEvents = YES;
				INFOPLIST_KEY_UILaunchStoryboardName = LaunchScreen;
				INFOPLIST_KEY_UIMainStoryboardFile = Main;
				INFOPLIST_KEY_UISupportedInterfaceOrientations_iPad = "UIInterfaceOrientationPortrait UIInterfaceOrientationPortraitUpsideDown UIInterfaceOrientationLandscapeLeft UIInterfaceOrientationLandscapeRight";
				INFOPLIST_KEY_UISupportedInterfaceOrientations_iPhone = "UIInterfaceOrientationPortrait UIInterfaceOrientationLandscapeLeft UIInterfaceOrientationLandscapeRight";
				LD_RUNPATH_SEARCH_PATHS = (
					"$(inherited)",
					"@executable_path/Frameworks",
				);
				MARKETING_VERSION = 1.0;
				PRODUCT_BUNDLE_IDENTIFIER = IK.TeaTimerRemake;
				PRODUCT_NAME = "$(TARGET_NAME)";
				SWIFT_EMIT_LOC_STRINGS = YES;
				SWIFT_VERSION = 5.0;
				TARGETED_DEVICE_FAMILY = "1,2";
			};
			name = Debug;
		};
		A2D6DCEB2852946600DD5761 /* Release */ = {
			isa = XCBuildConfiguration;
			baseConfigurationReference = 02284463585F57B50C8FEAA5 /* Pods-TeaTimerRemake.release.xcconfig */;
			buildSettings = {
				ASSETCATALOG_COMPILER_APPICON_NAME = AppIcon;
				ASSETCATALOG_COMPILER_GLOBAL_ACCENT_COLOR_NAME = AccentColor;
				CODE_SIGN_STYLE = Automatic;
				CURRENT_PROJECT_VERSION = 1;
				DEVELOPMENT_TEAM = 4CV999C7WN;
				GENERATE_INFOPLIST_FILE = YES;
				INFOPLIST_FILE = TeaTimerRemake/Info.plist;
				INFOPLIST_KEY_CFBundleDisplayName = TeaTimer;
				INFOPLIST_KEY_UIApplicationSupportsIndirectInputEvents = YES;
				INFOPLIST_KEY_UILaunchStoryboardName = LaunchScreen;
				INFOPLIST_KEY_UIMainStoryboardFile = Main;
				INFOPLIST_KEY_UISupportedInterfaceOrientations_iPad = "UIInterfaceOrientationPortrait UIInterfaceOrientationPortraitUpsideDown UIInterfaceOrientationLandscapeLeft UIInterfaceOrientationLandscapeRight";
				INFOPLIST_KEY_UISupportedInterfaceOrientations_iPhone = "UIInterfaceOrientationPortrait UIInterfaceOrientationLandscapeLeft UIInterfaceOrientationLandscapeRight";
				LD_RUNPATH_SEARCH_PATHS = (
					"$(inherited)",
					"@executable_path/Frameworks",
				);
				MARKETING_VERSION = 1.0;
				PRODUCT_BUNDLE_IDENTIFIER = IK.TeaTimerRemake;
				PRODUCT_NAME = "$(TARGET_NAME)";
				SWIFT_EMIT_LOC_STRINGS = YES;
				SWIFT_VERSION = 5.0;
				TARGETED_DEVICE_FAMILY = "1,2";
			};
			name = Release;
		};
/* End XCBuildConfiguration section */

/* Begin XCConfigurationList section */
		A2D6DCCD2852946400DD5761 /* Build configuration list for PBXProject "TeaTimerRemake" */ = {
			isa = XCConfigurationList;
			buildConfigurations = (
				A2D6DCE72852946600DD5761 /* Debug */,
				A2D6DCE82852946600DD5761 /* Release */,
			);
			defaultConfigurationIsVisible = 0;
			defaultConfigurationName = Release;
		};
		A2D6DCE92852946600DD5761 /* Build configuration list for PBXNativeTarget "TeaTimerRemake" */ = {
			isa = XCConfigurationList;
			buildConfigurations = (
				A2D6DCEA2852946600DD5761 /* Debug */,
				A2D6DCEB2852946600DD5761 /* Release */,
			);
			defaultConfigurationIsVisible = 0;
			defaultConfigurationName = Release;
		};
/* End XCConfigurationList section */

/* Begin XCRemoteSwiftPackageReference section */
		A2077D03286DC3FE00788FA9 /* XCRemoteSwiftPackageReference "SwiftBoost" */ = {
			isa = XCRemoteSwiftPackageReference;
			repositoryURL = "https://github.com/sparrowcode/SwiftBoost";
			requirement = {
				kind = upToNextMajorVersion;
				minimumVersion = 4.0.0;
			};
		};
		A2077D06286DC42000788FA9 /* XCRemoteSwiftPackageReference "SafeSFSymbols" */ = {
			isa = XCRemoteSwiftPackageReference;
			repositoryURL = "https://github.com/sparrowcode/SafeSFSymbols";
			requirement = {
				kind = upToNextMajorVersion;
				minimumVersion = 1.0.0;
			};
		};
		A26A1DBE2878E0B100D166F9 /* XCRemoteSwiftPackageReference "ALPopup" */ = {
			isa = XCRemoteSwiftPackageReference;
			repositoryURL = "https://github.com/alxrguz/ALPopup";
			requirement = {
				kind = upToNextMajorVersion;
				minimumVersion = 1.0.0;
			};
		};
		A275317A2879C2E400CA2E26 /* XCRemoteSwiftPackageReference "Hero" */ = {
			isa = XCRemoteSwiftPackageReference;
			repositoryURL = "https://github.com/HeroTransitions/Hero";
			requirement = {
				kind = upToNextMajorVersion;
				minimumVersion = 1.0.0;
			};
		};
/* End XCRemoteSwiftPackageReference section */

/* Begin XCSwiftPackageProductDependency section */
		A2077D04286DC3FE00788FA9 /* SwiftBoost */ = {
			isa = XCSwiftPackageProductDependency;
			package = A2077D03286DC3FE00788FA9 /* XCRemoteSwiftPackageReference "SwiftBoost" */;
			productName = SwiftBoost;
		};
		A2077D07286DC42000788FA9 /* SafeSFSymbols */ = {
			isa = XCSwiftPackageProductDependency;
			package = A2077D06286DC42000788FA9 /* XCRemoteSwiftPackageReference "SafeSFSymbols" */;
			productName = SafeSFSymbols;
		};
		A26A1DBF2878E0B200D166F9 /* ALPopup */ = {
			isa = XCSwiftPackageProductDependency;
			package = A26A1DBE2878E0B100D166F9 /* XCRemoteSwiftPackageReference "ALPopup" */;
			productName = ALPopup;
		};
		A275317B2879C2E400CA2E26 /* Hero */ = {
			isa = XCSwiftPackageProductDependency;
			package = A275317A2879C2E400CA2E26 /* XCRemoteSwiftPackageReference "Hero" */;
			productName = Hero;
		};
/* End XCSwiftPackageProductDependency section */

/* Begin XCVersionGroup section */
		A2D6DCDE2852946400DD5761 /* TeaTimerRemake.xcdatamodeld */ = {
			isa = XCVersionGroup;
			children = (
				A2D6DCDF2852946400DD5761 /* TeaTimerRemake.xcdatamodel */,
			);
			currentVersion = A2D6DCDF2852946400DD5761 /* TeaTimerRemake.xcdatamodel */;
			path = TeaTimerRemake.xcdatamodeld;
			sourceTree = "<group>";
			versionGroupType = wrapper.xcdatamodel;
		};
/* End XCVersionGroup section */
	};
	rootObject = A2D6DCCA2852946400DD5761 /* Project object */;
}
